
Microsoft Visual Studio Solution File, Format Version 12.00
# Visual Studio Version 17
VisualStudioVersion = 17.10.35013.160
MinimumVisualStudioVersion = 10.0.40219.1
Project("{2150E333-8FDC-42A3-9474-1A3956D46DE8}") = "Presentation", "Presentation", "{22580379-6E9A-4387-A98A-46E877ECE89D}"
EndProject
Project("{2150E333-8FDC-42A3-9474-1A3956D46DE8}") = "Core", "Core", "{F456E2CD-C4B6-4051-B243-63C769EBAA4B}"
EndProject
Project("{2150E333-8FDC-42A3-9474-1A3956D46DE8}") = "Infrastructure", "Infrastructure", "{26661B86-2834-427C-A319-1641DE911678}"
EndProject
Project("{2150E333-8FDC-42A3-9474-1A3956D46DE8}") = "SharedKernel", "SharedKernel", "{4C907258-81CF-4DB6-A2AB-A9F9C4965BD6}"
EndProject
Project("{9A19103F-16F7-4668-BE54-9A1E7A4F7556}") = "IhmLlamaMvc.Domain", "Src\Core\Domain\IhmLlamaMvc.Domain\IhmLlamaMvc.Domain.csproj", "{206DE731-4628-4618-A55B-CAFB2BFCCFDF}"
EndProject
Project("{9A19103F-16F7-4668-BE54-9A1E7A4F7556}") = "IhmLlamaMvc.Application", "Src\Core\Application\IhmLlamaMvc.Application\IhmLlamaMvc.Application.csproj", "{66641D97-DCB9-4022-9769-B7066C5A7233}"
EndProject
Project("{9A19103F-16F7-4668-BE54-9A1E7A4F7556}") = "IhmLlamaMvc.CacheManager", "Src\Infrastructure\CacheManager\IhmLlamaMvc.CacheManager\IhmLlamaMvc.CacheManager.csproj", "{A4F61571-014D-4ABE-93D8-4408E696C165}"
EndProject
Project("{9A19103F-16F7-4668-BE54-9A1E7A4F7556}") = "IhmLlamaMvc.Persistence", "Src\Infrastructure\Persistence\IhmLlamaMvc.Persistence\IhmLlamaMvc.Persistence.csproj", "{420C2AFA-A2E4-4D89-BFFD-805D29E072C4}"
EndProject
Project("{9A19103F-16F7-4668-BE54-9A1E7A4F7556}") = "IhmLlamaMvc.WebApi", "Src\Infrastructure\WebApi\IhmLlamaMvc.WebApi\IhmLlamaMvc.WebApi.csproj", "{0681C343-7CF7-4344-843D-DB87530DCB14}"
EndProject
Project("{9A19103F-16F7-4668-BE54-9A1E7A4F7556}") = "IhmLlamaMvc.Mvc", "Src\Presentation\IhmLlamaMvc.Mvc\IhmLlamaMvc.Mvc.csproj", "{361E7FD3-60AF-49DF-8E0B-125A0D1359C4}"
EndProject
Project("{9A19103F-16F7-4668-BE54-9A1E7A4F7556}") = "IhmLlamaMvc.SharedKernel", "Src\SharedKernel\IhmLlamaMvc.SharedKernel\IhmLlamaMvc.SharedKernel.csproj", "{3D0E4BA2-7C4A-42D0-8979-A4B66FA230A9}"
EndProject
Project("{2150E333-8FDC-42A3-9474-1A3956D46DE8}") = "IaModelProviders", "IaModelProviders", "{F7BA9958-79D6-4C4E-820A-346DB0D91190}"
EndProject
Project("{9A19103F-16F7-4668-BE54-9A1E7A4F7556}") = "IhmLlamaMvc.IaModelLlamaProvider", "Src\Infrastructure\IaModelProviders\IhmLlamaMvc.IaModelLlamaProvider\IhmLlamaMvc.IaModelLlamaProvider.csproj", "{D85754F9-64E2-45F2-ABF7-1C7957F2D033}"
EndProject
Project("{9A19103F-16F7-4668-BE54-9A1E7A4F7556}") = "IhmLlamaMvc.Authorization", "Src\Infrastructure\Authorization\IhmLlamaMvcV1.Authorization\IhmLlamaMvc.Authorization.csproj", "{80F6C188-92CC-4B16-8590-A1EAD1AE21B8}"
EndProject
Project("{2150E333-8FDC-42A3-9474-1A3956D46DE8}") = "Src", "Src", "{32EC7E87-0AF2-4001-BCAB-6C98B27EC5D4}"
EndProject
Project("{2150E333-8FDC-42A3-9474-1A3956D46DE8}") = "Test", "Test", "{463E34CD-6286-4210-AAFC-50CE5B860038}"
EndProject
Project("{9A19103F-16F7-4668-BE54-9A1E7A4F7556}") = "IhmLlamaMvc.testsUnitaires", "Test\IhmLlamaMvc.testsUnitaires\IhmLlamaMvc.testsUnitaires.csproj", "{29F382EB-BF9C-4126-95FA-4CE11EEF8CC8}"
EndProject
Project("{2150E333-8FDC-42A3-9474-1A3956D46DE8}") = "Solution items", "Solution items", "{87E79ACC-852A-437D-B4D3-69739C8427DC}"
	ProjectSection(SolutionItems) = preProject
		.editorconfig = .editorconfig
	EndProjectSection
EndProject
Global
	GlobalSection(SolutionConfigurationPlatforms) = preSolution
		Debug|Any CPU = Debug|Any CPU
		Release|Any CPU = Release|Any CPU
	EndGlobalSection
	GlobalSection(ProjectConfigurationPlatforms) = postSolution
		{206DE731-4628-4618-A55B-CAFB2BFCCFDF}.Debug|Any CPU.ActiveCfg = Debug|Any CPU
		{206DE731-4628-4618-A55B-CAFB2BFCCFDF}.Debug|Any CPU.Build.0 = Debug|Any CPU
		{206DE731-4628-4618-A55B-CAFB2BFCCFDF}.Release|Any CPU.ActiveCfg = Release|Any CPU
		{206DE731-4628-4618-A55B-CAFB2BFCCFDF}.Release|Any CPU.Build.0 = Release|Any CPU
		{66641D97-DCB9-4022-9769-B7066C5A7233}.Debug|Any CPU.ActiveCfg = Debug|Any CPU
		{66641D97-DCB9-4022-9769-B7066C5A7233}.Debug|Any CPU.Build.0 = Debug|Any CPU
		{66641D97-DCB9-4022-9769-B7066C5A7233}.Release|Any CPU.ActiveCfg = Release|Any CPU
		{66641D97-DCB9-4022-9769-B7066C5A7233}.Release|Any CPU.Build.0 = Release|Any CPU
		{A4F61571-014D-4ABE-93D8-4408E696C165}.Debug|Any CPU.ActiveCfg = Debug|Any CPU
		{A4F61571-014D-4ABE-93D8-4408E696C165}.Debug|Any CPU.Build.0 = Debug|Any CPU
		{A4F61571-014D-4ABE-93D8-4408E696C165}.Release|Any CPU.ActiveCfg = Release|Any CPU
		{A4F61571-014D-4ABE-93D8-4408E696C165}.Release|Any CPU.Build.0 = Release|Any CPU
		{420C2AFA-A2E4-4D89-BFFD-805D29E072C4}.Debug|Any CPU.ActiveCfg = Debug|Any CPU
		{420C2AFA-A2E4-4D89-BFFD-805D29E072C4}.Debug|Any CPU.Build.0 = Debug|Any CPU
		{420C2AFA-A2E4-4D89-BFFD-805D29E072C4}.Release|Any CPU.ActiveCfg = Release|Any CPU
		{420C2AFA-A2E4-4D89-BFFD-805D29E072C4}.Release|Any CPU.Build.0 = Release|Any CPU
		{0681C343-7CF7-4344-843D-DB87530DCB14}.Debug|Any CPU.ActiveCfg = Debug|Any CPU
		{0681C343-7CF7-4344-843D-DB87530DCB14}.Debug|Any CPU.Build.0 = Debug|Any CPU
		{0681C343-7CF7-4344-843D-DB87530DCB14}.Release|Any CPU.ActiveCfg = Release|Any CPU
		{0681C343-7CF7-4344-843D-DB87530DCB14}.Release|Any CPU.Build.0 = Release|Any CPU
		{361E7FD3-60AF-49DF-8E0B-125A0D1359C4}.Debug|Any CPU.ActiveCfg = Debug|Any CPU
		{361E7FD3-60AF-49DF-8E0B-125A0D1359C4}.Debug|Any CPU.Build.0 = Debug|Any CPU
		{361E7FD3-60AF-49DF-8E0B-125A0D1359C4}.Release|Any CPU.ActiveCfg = Release|Any CPU
		{361E7FD3-60AF-49DF-8E0B-125A0D1359C4}.Release|Any CPU.Build.0 = Release|Any CPU
		{3D0E4BA2-7C4A-42D0-8979-A4B66FA230A9}.Debug|Any CPU.ActiveCfg = Debug|Any CPU
		{3D0E4BA2-7C4A-42D0-8979-A4B66FA230A9}.Debug|Any CPU.Build.0 = Debug|Any CPU
		{3D0E4BA2-7C4A-42D0-8979-A4B66FA230A9}.Release|Any CPU.ActiveCfg = Release|Any CPU
		{3D0E4BA2-7C4A-42D0-8979-A4B66FA230A9}.Release|Any CPU.Build.0 = Release|Any CPU
		{D85754F9-64E2-45F2-ABF7-1C7957F2D033}.Debug|Any CPU.ActiveCfg = Debug|Any CPU
		{D85754F9-64E2-45F2-ABF7-1C7957F2D033}.Debug|Any CPU.Build.0 = Debug|Any CPU
		{D85754F9-64E2-45F2-ABF7-1C7957F2D033}.Release|Any CPU.ActiveCfg = Release|Any CPU
		{D85754F9-64E2-45F2-ABF7-1C7957F2D033}.Release|Any CPU.Build.0 = Release|Any CPU
		{80F6C188-92CC-4B16-8590-A1EAD1AE21B8}.Debug|Any CPU.ActiveCfg = Debug|Any CPU
		{80F6C188-92CC-4B16-8590-A1EAD1AE21B8}.Debug|Any CPU.Build.0 = Debug|Any CPU
		{80F6C188-92CC-4B16-8590-A1EAD1AE21B8}.Release|Any CPU.ActiveCfg = Release|Any CPU
		{80F6C188-92CC-4B16-8590-A1EAD1AE21B8}.Release|Any CPU.Build.0 = Release|Any CPU
		{29F382EB-BF9C-4126-95FA-4CE11EEF8CC8}.Debug|Any CPU.ActiveCfg = Debug|Any CPU
		{29F382EB-BF9C-4126-95FA-4CE11EEF8CC8}.Debug|Any CPU.Build.0 = Debug|Any CPU
		{29F382EB-BF9C-4126-95FA-4CE11EEF8CC8}.Release|Any CPU.ActiveCfg = Release|Any CPU
		{29F382EB-BF9C-4126-95FA-4CE11EEF8CC8}.Release|Any CPU.Build.0 = Release|Any CPU
	EndGlobalSection
	GlobalSection(SolutionProperties) = preSolution
		HideSolutionNode = FALSE
	EndGlobalSection
	GlobalSection(NestedProjects) = preSolution
		{22580379-6E9A-4387-A98A-46E877ECE89D} = {32EC7E87-0AF2-4001-BCAB-6C98B27EC5D4}
		{F456E2CD-C4B6-4051-B243-63C769EBAA4B} = {32EC7E87-0AF2-4001-BCAB-6C98B27EC5D4}
		{26661B86-2834-427C-A319-1641DE911678} = {32EC7E87-0AF2-4001-BCAB-6C98B27EC5D4}
		{4C907258-81CF-4DB6-A2AB-A9F9C4965BD6} = {32EC7E87-0AF2-4001-BCAB-6C98B27EC5D4}
		{206DE731-4628-4618-A55B-CAFB2BFCCFDF} = {F456E2CD-C4B6-4051-B243-63C769EBAA4B}
		{66641D97-DCB9-4022-9769-B7066C5A7233} = {F456E2CD-C4B6-4051-B243-63C769EBAA4B}
		{A4F61571-014D-4ABE-93D8-4408E696C165} = {26661B86-2834-427C-A319-1641DE911678}
		{420C2AFA-A2E4-4D89-BFFD-805D29E072C4} = {26661B86-2834-427C-A319-1641DE911678}
		{0681C343-7CF7-4344-843D-DB87530DCB14} = {26661B86-2834-427C-A319-1641DE911678}
		{361E7FD3-60AF-49DF-8E0B-125A0D1359C4} = {22580379-6E9A-4387-A98A-46E877ECE89D}
		{3D0E4BA2-7C4A-42D0-8979-A4B66FA230A9} = {4C907258-81CF-4DB6-A2AB-A9F9C4965BD6}
		{F7BA9958-79D6-4C4E-820A-346DB0D91190} = {26661B86-2834-427C-A319-1641DE911678}
		{D85754F9-64E2-45F2-ABF7-1C7957F2D033} = {F7BA9958-79D6-4C4E-820A-346DB0D91190}
		{80F6C188-92CC-4B16-8590-A1EAD1AE21B8} = {26661B86-2834-427C-A319-1641DE911678}
		{29F382EB-BF9C-4126-95FA-4CE11EEF8CC8} = {463E34CD-6286-4210-AAFC-50CE5B860038}
	EndGlobalSection
	GlobalSection(ExtensibilityGlobals) = postSolution
		SolutionGuid = {F4B2CB67-75EB-45F9-B6E6-168C4785D585}
	EndGlobalSection
EndGlobal
